Microsoft Visual Studio Solution File, Format Version 12.00
# Visual Studio Version 17
VisualStudioVersion = 17.2.32630.192
MinimumVisualStudioVersion = 10.0.40219.1
Project("{FAE04EC0-301F-11D3-BF4B-00C04F79EFBC}") = "MoreInventorySlots", "MoreInventorySlots\MoreInventorySlots.csproj", "{8F3D4B21-6C2A-4E1F-9A7D-2B5E9C1F4A63}"
EndProject
Project("{FAE04EC0-301F-11D3-BF4B-00C04F79EFBC}") = "AvailableInDemoPatcher", "AvailableInDemoPatcher\AvailableInDemoPatcher.csproj", "{3C7A9E12-5D4B-4F8A-BE21-9A6F0D2C7B4E}"
EndProject
Project("{FAE04EC0-301F-11D3-BF4B-00C04F79EFBC}") = "ResizableWindow", "ResizableWindow\ResizableWindow.csproj", "{5E1A8B4C-3D2F-4A6E-9C0D-8B7F1E4A6D53}"
EndProject
Project("{FAE04EC0-301F-11D3-BF4B-00C04F79EFBC}") = "SpeedupThings", "SpeedupThings\SpeedupThings.csproj", "{A47B2E91-6F3C-4A15-8D92-5C7E9B4F3A28}"
EndProject
Project("{FAE04EC0-301F-11D3-BF4B-00C04F79EFBC}") = "ItemGiver", "ItemGiver\ItemGiver.csproj", "{6D4F8A21-3B9C-4E7D-A1F5-8C2B6D9E4F31}"
EndProject
Project("{FAE04EC0-301F-11D3-BF4B-00C04F79EFBC}") = "DataDumper", "DataDumper\DataDumper.csproj", "{9B2C6E43-7A1D-4F5B-8C3E-1D6A9F4B2E70}"
EndProject
Project("{FAE04EC0-301F-11D3-BF4B-00C04F79EFBC}") = "InstantWinFight", "InstantWinFight\InstantWinFight.csproj", "{C31D5E82-4A9F-4B6C-9E3D-7F1A28B5C6D4}"
EndProject
Project("{FAE04EC0-301F-11D3-BF4B-00C04F79EFBC}") = "NoClip", "NoClip\NoClip.csproj", "{E45F7A93-6B2D-4C8E-A1F0-3D9C5E7B4A62}"
EndProject
Project("{FAE04EC0-301F-11D3-BF4B-00C04F79EFBC}") = "BuildAnywhere", "BuildAnywhere\BuildAnywhere.csproj", "{61558A4F-523A-4C2C-AAF5-823799D3624F}"
EndProject
Project("{2150E333-8FDC-42A3-9474-1A3956D46DE8}") = "Solution Items", "Solution Items", "{D4E5F6A7-B8C9-4D0E-8F1A-2B3C4D5E6F70}"
	ProjectSection(SolutionItems) = preProject
		.editorconfig = .editorconfig
		.gitignore = .gitignore
		Directory.Build.local.props.example = Directory.Build.local.props.example
		Directory.Build.props = Directory.Build.props
		Directory.Packages.props = Directory.Packages.props
		NuGet.Config = NuGet.Config
		README.md = README.md
	EndProjectSection
EndProject
Global
	GlobalSection(SolutionConfigurationPlatforms) = preSolution
		Debug|Any CPU = Debug|Any CPU
		Debug|x64 = Debug|x64
		Debug|x86 = Debug|x86
		Release|Any CPU = Release|Any CPU
		Release|x64 = Release|x64
		Release|x86 = Release|x86
	EndGlobalSection
	GlobalSection(ProjectConfigurationPlatforms) = postSolution
		{8F3D4B21-6C2A-4E1F-9A7D-2B5E9C1F4A63}.Debug|Any CPU.ActiveCfg = Debug|Any CPU
		{8F3D4B21-6C2A-4E1F-9A7D-2B5E9C1F4A63}.Debug|Any CPU.Build.0 = Debug|Any CPU
		{8F3D4B21-6C2A-4E1F-9A7D-2B5E9C1F4A63}.Debug|x64.ActiveCfg = Debug|Any CPU
		{8F3D4B21-6C2A-4E1F-9A7D-2B5E9C1F4A63}.Debug|x64.Build.0 = Debug|Any CPU
		{8F3D4B21-6C2A-4E1F-9A7D-2B5E9C1F4A63}.Debug|x86.ActiveCfg = Debug|Any CPU
		{8F3D4B21-6C2A-4E1F-9A7D-2B5E9C1F4A63}.Debug|x86.Build.0 = Debug|Any CPU
		{8F3D4B21-6C2A-4E1F-9A7D-2B5E9C1F4A63}.Release|Any CPU.ActiveCfg = Release|Any CPU
		{8F3D4B21-6C2A-4E1F-9A7D-2B5E9C1F4A63}.Release|Any CPU.Build.0 = Release|Any CPU
		{8F3D4B21-6C2A-4E1F-9A7D-2B5E9C1F4A63}.Release|x64.ActiveCfg = Release|Any CPU
		{8F3D4B21-6C2A-4E1F-9A7D-2B5E9C1F4A63}.Release|x64.Build.0 = Release|Any CPU
		{8F3D4B21-6C2A-4E1F-9A7D-2B5E9C1F4A63}.Release|x86.ActiveCfg = Release|Any CPU
		{8F3D4B21-6C2A-4E1F-9A7D-2B5E9C1F4A63}.Release|x86.Build.0 = Release|Any CPU
		{3C7A9E12-5D4B-4F8A-BE21-9A6F0D2C7B4E}.Debug|Any CPU.ActiveCfg = Debug|Any CPU
		{3C7A9E12-5D4B-4F8A-BE21-9A6F0D2C7B4E}.Debug|Any CPU.Build.0 = Debug|Any CPU
		{3C7A9E12-5D4B-4F8A-BE21-9A6F0D2C7B4E}.Debug|x64.ActiveCfg = Debug|Any CPU
		{3C7A9E12-5D4B-4F8A-BE21-9A6F0D2C7B4E}.Debug|x64.Build.0 = Debug|Any CPU
		{3C7A9E12-5D4B-4F8A-BE21-9A6F0D2C7B4E}.Debug|x86.ActiveCfg = Debug|Any CPU
		{3C7A9E12-5D4B-4F8A-BE21-9A6F0D2C7B4E}.Debug|x86.Build.0 = Debug|Any CPU
		{3C7A9E12-5D4B-4F8A-BE21-9A6F0D2C7B4E}.Release|Any CPU.ActiveCfg = Release|Any CPU
		{3C7A9E12-5D4B-4F8A-BE21-9A6F0D2C7B4E}.Release|Any CPU.Build.0 = Release|Any CPU
		{3C7A9E12-5D4B-4F8A-BE21-9A6F0D2C7B4E}.Release|x64.ActiveCfg = Release|Any CPU
		{3C7A9E12-5D4B-4F8A-BE21-9A6F0D2C7B4E}.Release|x64.Build.0 = Release|Any CPU
		{3C7A9E12-5D4B-4F8A-BE21-9A6F0D2C7B4E}.Release|x86.ActiveCfg = Release|Any CPU
		{3C7A9E12-5D4B-4F8A-BE21-9A6F0D2C7B4E}.Release|x86.Build.0 = Release|Any CPU
		{5E1A8B4C-3D2F-4A6E-9C0D-8B7F1E4A6D53}.Debug|Any CPU.ActiveCfg = Debug|Any CPU
		{5E1A8B4C-3D2F-4A6E-9C0D-8B7F1E4A6D53}.Debug|Any CPU.Build.0 = Debug|Any CPU
		{5E1A8B4C-3D2F-4A6E-9C0D-8B7F1E4A6D53}.Debug|x64.ActiveCfg = Debug|Any CPU
		{5E1A8B4C-3D2F-4A6E-9C0D-8B7F1E4A6D53}.Debug|x64.Build.0 = Debug|Any CPU
		{5E1A8B4C-3D2F-4A6E-9C0D-8B7F1E4A6D53}.Debug|x86.ActiveCfg = Debug|Any CPU
		{5E1A8B4C-3D2F-4A6E-9C0D-8B7F1E4A6D53}.Debug|x86.Build.0 = Debug|Any CPU
		{5E1A8B4C-3D2F-4A6E-9C0D-8B7F1E4A6D53}.Release|Any CPU.ActiveCfg = Release|Any CPU
		{5E1A8B4C-3D2F-4A6E-9C0D-8B7F1E4A6D53}.Release|Any CPU.Build.0 = Release|Any CPU
		{5E1A8B4C-3D2F-4A6E-9C0D-8B7F1E4A6D53}.Release|x64.ActiveCfg = Release|Any CPU
		{5E1A8B4C-3D2F-4A6E-9C0D-8B7F1E4A6D53}.Release|x64.Build.0 = Release|Any CPU
		{5E1A8B4C-3D2F-4A6E-9C0D-8B7F1E4A6D53}.Release|x86.ActiveCfg = Release|Any CPU
		{5E1A8B4C-3D2F-4A6E-9C0D-8B7F1E4A6D53}.Release|x86.Build.0 = Release|Any CPU
		{A47B2E91-6F3C-4A15-8D92-5C7E9B4F3A28}.Debug|Any CPU.ActiveCfg = Debug|Any CPU
		{A47B2E91-6F3C-4A15-8D92-5C7E9B4F3A28}.Debug|Any CPU.Build.0 = Debug|Any CPU
		{A47B2E91-6F3C-4A15-8D92-5C7E9B4F3A28}.Debug|x64.ActiveCfg = Debug|Any CPU
		{A47B2E91-6F3C-4A15-8D92-5C7E9B4F3A28}.Debug|x64.Build.0 = Debug|Any CPU
		{A47B2E91-6F3C-4A15-8D92-5C7E9B4F3A28}.Debug|x86.ActiveCfg = Debug|Any CPU
		{A47B2E91-6F3C-4A15-8D92-5C7E9B4F3A28}.Debug|x86.Build.0 = Debug|Any CPU
		{A47B2E91-6F3C-4A15-8D92-5C7E9B4F3A28}.Release|Any CPU.ActiveCfg = Release|Any CPU
		{A47B2E91-6F3C-4A15-8D92-5C7E9B4F3A28}.Release|Any CPU.Build.0 = Release|Any CPU
		{A47B2E91-6F3C-4A15-8D92-5C7E9B4F3A28}.Release|x64.ActiveCfg = Release|Any CPU
		{A47B2E91-6F3C-4A15-8D92-5C7E9B4F3A28}.Release|x64.Build.0 = Release|Any CPU
		{A47B2E91-6F3C-4A15-8D92-5C7E9B4F3A28}.Release|x86.ActiveCfg = Release|Any CPU
		{A47B2E91-6F3C-4A15-8D92-5C7E9B4F3A28}.Release|x86.Build.0 = Release|Any CPU
		{6D4F8A21-3B9C-4E7D-A1F5-8C2B6D9E4F31}.Debug|Any CPU.ActiveCfg = Debug|Any CPU
		{6D4F8A21-3B9C-4E7D-A1F5-8C2B6D9E4F31}.Debug|Any CPU.Build.0 = Debug|Any CPU
		{6D4F8A21-3B9C-4E7D-A1F5-8C2B6D9E4F31}.Debug|x64.ActiveCfg = Debug|Any CPU
		{6D4F8A21-3B9C-4E7D-A1F5-8C2B6D9E4F31}.Debug|x64.Build.0 = Debug|Any CPU
		{6D4F8A21-3B9C-4E7D-A1F5-8C2B6D9E4F31}.Debug|x86.ActiveCfg = Debug|Any CPU
		{6D4F8A21-3B9C-4E7D-A1F5-8C2B6D9E4F31}.Debug|x86.Build.0 = Debug|Any CPU
		{6D4F8A21-3B9C-4E7D-A1F5-8C2B6D9E4F31}.Release|Any CPU.ActiveCfg = Release|Any CPU
		{6D4F8A21-3B9C-4E7D-A1F5-8C2B6D9E4F31}.Release|Any CPU.Build.0 = Release|Any CPU
		{6D4F8A21-3B9C-4E7D-A1F5-8C2B6D9E4F31}.Release|x64.ActiveCfg = Release|Any CPU
		{6D4F8A21-3B9C-4E7D-A1F5-8C2B6D9E4F31}.Release|x64.Build.0 = Release|Any CPU
		{6D4F8A21-3B9C-4E7D-A1F5-8C2B6D9E4F31}.Release|x86.ActiveCfg = Release|Any CPU
		{6D4F8A21-3B9C-4E7D-A1F5-8C2B6D9E4F31}.Release|x86.Build.0 = Release|Any CPU
		{9B2C6E43-7A1D-4F5B-8C3E-1D6A9F4B2E70}.Debug|Any CPU.ActiveCfg = Debug|Any CPU
		{9B2C6E43-7A1D-4F5B-8C3E-1D6A9F4B2E70}.Debug|Any CPU.Build.0 = Debug|Any CPU
		{9B2C6E43-7A1D-4F5B-8C3E-1D6A9F4B2E70}.Debug|x64.ActiveCfg = Debug|Any CPU
		{9B2C6E43-7A1D-4F5B-8C3E-1D6A9F4B2E70}.Debug|x64.Build.0 = Debug|Any CPU
		{9B2C6E43-7A1D-4F5B-8C3E-1D6A9F4B2E70}.Debug|x86.ActiveCfg = Debug|Any CPU
		{9B2C6E43-7A1D-4F5B-8C3E-1D6A9F4B2E70}.Debug|x86.Build.0 = Debug|Any CPU
		{9B2C6E43-7A1D-4F5B-8C3E-1D6A9F4B2E70}.Release|Any CPU.ActiveCfg = Release|Any CPU
		{9B2C6E43-7A1D-4F5B-8C3E-1D6A9F4B2E70}.Release|Any CPU.Build.0 = Release|Any CPU
		{9B2C6E43-7A1D-4F5B-8C3E-1D6A9F4B2E70}.Release|x64.ActiveCfg = Release|Any CPU
		{9B2C6E43-7A1D-4F5B-8C3E-1D6A9F4B2E70}.Release|x64.Build.0 = Release|Any CPU
		{9B2C6E43-7A1D-4F5B-8C3E-1D6A9F4B2E70}.Release|x86.ActiveCfg = Release|Any CPU
		{9B2C6E43-7A1D-4F5B-8C3E-1D6A9F4B2E70}.Release|x86.Build.0 = Release|Any CPU
		{C31D5E82-4A9F-4B6C-9E3D-7F1A28B5C6D4}.Debug|Any CPU.ActiveCfg = Debug|Any CPU
		{C31D5E82-4A9F-4B6C-9E3D-7F1A28B5C6D4}.Debug|Any CPU.Build.0 = Debug|Any CPU
		{C31D5E82-4A9F-4B6C-9E3D-7F1A28B5C6D4}.Debug|x64.ActiveCfg = Debug|Any CPU
		{C31D5E82-4A9F-4B6C-9E3D-7F1A28B5C6D4}.Debug|x64.Build.0 = Debug|Any CPU
		{C31D5E82-4A9F-4B6C-9E3D-7F1A28B5C6D4}.Debug|x86.ActiveCfg = Debug|Any CPU
		{C31D5E82-4A9F-4B6C-9E3D-7F1A28B5C6D4}.Debug|x86.Build.0 = Debug|Any CPU
		{C31D5E82-4A9F-4B6C-9E3D-7F1A28B5C6D4}.Release|Any CPU.ActiveCfg = Release|Any CPU
		{C31D5E82-4A9F-4B6C-9E3D-7F1A28B5C6D4}.Release|Any CPU.Build.0 = Release|Any CPU
		{C31D5E82-4A9F-4B6C-9E3D-7F1A28B5C6D4}.Release|x64.ActiveCfg = Release|Any CPU
		{C31D5E82-4A9F-4B6C-9E3D-7F1A28B5C6D4}.Release|x64.Build.0 = Release|Any CPU
		{C31D5E82-4A9F-4B6C-9E3D-7F1A28B5C6D4}.Release|x86.ActiveCfg = Release|Any CPU
		{C31D5E82-4A9F-4B6C-9E3D-7F1A28B5C6D4}.Release|x86.Build.0 = Release|Any CPU
		{E45F7A93-6B2D-4C8E-A1F0-3D9C5E7B4A62}.Debug|Any CPU.ActiveCfg = Debug|Any CPU
		{E45F7A93-6B2D-4C8E-A1F0-3D9C5E7B4A62}.Debug|Any CPU.Build.0 = Debug|Any CPU
		{E45F7A93-6B2D-4C8E-A1F0-3D9C5E7B4A62}.Debug|x64.ActiveCfg = Debug|Any CPU
		{E45F7A93-6B2D-4C8E-A1F0-3D9C5E7B4A62}.Debug|x64.Build.0 = Debug|Any CPU
		{E45F7A93-6B2D-4C8E-A1F0-3D9C5E7B4A62}.Debug|x86.ActiveCfg = Debug|Any CPU
		{E45F7A93-6B2D-4C8E-A1F0-3D9C5E7B4A62}.Debug|x86.Build.0 = Debug|Any CPU
		{E45F7A93-6B2D-4C8E-A1F0-3D9C5E7B4A62}.Release|Any CPU.ActiveCfg = Release|Any CPU
		{E45F7A93-6B2D-4C8E-A1F0-3D9C5E7B4A62}.Release|Any CPU.Build.0 = Release|Any CPU
		{E45F7A93-6B2D-4C8E-A1F0-3D9C5E7B4A62}.Release|x64.ActiveCfg = Release|Any CPU
		{E45F7A93-6B2D-4C8E-A1F0-3D9C5E7B4A62}.Release|x64.Build.0 = Release|Any CPU
		{E45F7A93-6B2D-4C8E-A1F0-3D9C5E7B4A62}.Release|x86.ActiveCfg = Release|Any CPU
		{E45F7A93-6B2D-4C8E-A1F0-3D9C5E7B4A62}.Release|x86.Build.0 = Release|Any CPU
		{61558A4F-523A-4C2C-AAF5-823799D3624F}.Debug|Any CPU.ActiveCfg = Debug|Any CPU
		{61558A4F-523A-4C2C-AAF5-823799D3624F}.Debug|Any CPU.Build.0 = Debug|Any CPU
		{61558A4F-523A-4C2C-AAF5-823799D3624F}.Debug|x64.ActiveCfg = Debug|Any CPU
		{61558A4F-523A-4C2C-AAF5-823799D3624F}.Debug|x64.Build.0 = Debug|Any CPU
		{61558A4F-523A-4C2C-AAF5-823799D3624F}.Debug|x86.ActiveCfg = Debug|Any CPU
		{61558A4F-523A-4C2C-AAF5-823799D3624F}.Debug|x86.Build.0 = Debug|Any CPU
		{61558A4F-523A-4C2C-AAF5-823799D3624F}.Release|Any CPU.ActiveCfg = Release|Any CPU
		{61558A4F-523A-4C2C-AAF5-823799D3624F}.Release|Any CPU.Build.0 = Release|Any CPU
		{61558A4F-523A-4C2C-AAF5-823799D3624F}.Release|x64.ActiveCfg = Release|Any CPU
		{61558A4F-523A-4C2C-AAF5-823799D3624F}.Release|x64.Build.0 = Release|Any CPU
		{61558A4F-523A-4C2C-AAF5-823799D3624F}.Release|x86.ActiveCfg = Release|Any CPU
		{61558A4F-523A-4C2C-AAF5-823799D3624F}.Release|x86.Build.0 = Release|Any CPU
	EndGlobalSection
	GlobalSection(SolutionProperties) = preSolution
		HideSolutionNode = FALSE
	EndGlobalSection
	GlobalSection(ExtensibilityGlobals) = postSolution
		SolutionGuid = {C9A8B7D6-E5F4-4321-8765-4321FEDCBA98}
	EndGlobalSection
EndGlobal